
Microsoft Visual Studio Solution File, Format Version 12.00
# Visual Studio Version 16
VisualStudioVersion = 25.0.1700.0
MinimumVisualStudioVersion = 10.0.40219.1
Project("{FAE04EC0-301F-11D3-BF4B-00C04F79EFBC}") = "Telegram_Bot", "Telegram_Bot\Telegram_Bot.csproj", "{A5CAEB36-3AF6-4A5A-B6A2-7BD5C188098A}"
EndProject
Global
	GlobalSection(SolutionConfigurationPlatforms) = preSolution
		Debug|Any CPU = Debug|Any CPU
		Release|Any CPU = Release|Any CPU
	EndGlobalSection
	GlobalSection(ProjectConfigurationPlatforms) = postSolution
		{A5CAEB36-3AF6-4A5A-B6A2-7BD5C188098A}.Debug|Any CPU.ActiveCfg = Debug|Any CPU
		{A5CAEB36-3AF6-4A5A-B6A2-7BD5C188098A}.Debug|Any CPU.Build.0 = Debug|Any CPU
		{A5CAEB36-3AF6-4A5A-B6A2-7BD5C188098A}.Release|Any CPU.ActiveCfg = Release|Any CPU
		{A5CAEB36-3AF6-4A5A-B6A2-7BD5C188098A}.Release|Any CPU.Build.0 = Release|Any CPU
	EndGlobalSection
	GlobalSection(SolutionProperties) = preSolution
		HideSolutionNode = FALSE
	EndGlobalSection
	GlobalSection(ExtensibilityGlobals) = postSolution
		SolutionGuid = {F92C882B-8A08-4706-ABFD-A2BDFB1B55D9}
	EndGlobalSection
EndGlobal
